
Microsoft Visual Studio Solution File, Format Version 12.00
# Visual Studio Version 17
VisualStudioVersion = 17.3.32929.385
MinimumVisualStudioVersion = 10.0.40219.1
Project("{FAE04EC0-301F-11D3-BF4B-00C04F79EFBC}") = "TouringCshap3", "TouringCshap3.csproj", "{4362FA8D-4324-4852-9463-2BCC6C49F7A3}"
EndProject
Global
	GlobalSection(SolutionConfigurationPlatforms) = preSolution
		Debug|Any CPU = Debug|Any CPU
		Release|Any CPU = Release|Any CPU
	EndGlobalSection
	GlobalSection(ProjectConfigurationPlatforms) = postSolution
		{4362FA8D-4324-4852-9463-2BCC6C49F7A3}.Debug|Any CPU.ActiveCfg = Debug|Any CPU
		{4362FA8D-4324-4852-9463-2BCC6C49F7A3}.Debug|Any CPU.Build.0 = Debug|Any CPU
		{4362FA8D-4324-4852-9463-2BCC6C49F7A3}.Release|Any CPU.ActiveCfg = Release|Any CPU
		{4362FA8D-4324-4852-9463-2BCC6C49F7A3}.Release|Any CPU.Build.0 = Release|Any CPU
	EndGlobalSection
	GlobalSection(SolutionProperties) = preSolution
		HideSolutionNode = FALSE
	EndGlobalSection
	GlobalSection(ExtensibilityGlobals) = postSolution
		SolutionGuid = {4F5747D8-F8CF-482F-975E-DEEE19BA7984}
	EndGlobalSection
EndGlobal
