
Microsoft Visual Studio Solution File, Format Version 12.00
# Visual Studio Version 17
VisualStudioVersion = 17.3.32929.385
MinimumVisualStudioVersion = 10.0.40219.1
Project("{FAE04EC0-301F-11D3-BF4B-00C04F79EFBC}") = "TopStatment", "TopStatment.csproj", "{DFD8A593-2666-444B-902D-39C4F41B893C}"
EndProject
Global
	GlobalSection(SolutionConfigurationPlatforms) = preSolution
		Debug|Any CPU = Debug|Any CPU
		Release|Any CPU = Release|Any CPU
	EndGlobalSection
	GlobalSection(ProjectConfigurationPlatforms) = postSolution
		{DFD8A593-2666-444B-902D-39C4F41B893C}.Debug|Any CPU.ActiveCfg = Debug|Any CPU
		{DFD8A593-2666-444B-902D-39C4F41B893C}.Debug|Any CPU.Build.0 = Debug|Any CPU
		{DFD8A593-2666-444B-902D-39C4F41B893C}.Release|Any CPU.ActiveCfg = Release|Any CPU
		{DFD8A593-2666-444B-902D-39C4F41B893C}.Release|Any CPU.Build.0 = Release|Any CPU
	EndGlobalSection
	GlobalSection(SolutionProperties) = preSolution
		HideSolutionNode = FALSE
	EndGlobalSection
	GlobalSection(ExtensibilityGlobals) = postSolution
		SolutionGuid = {AF087F4A-3A36-4BF7-9966-EDA499D4D7CC}
	EndGlobalSection
EndGlobal
